
Microsoft Visual Studio Solution File, Format Version 12.00
# Visual Studio Version 17
VisualStudioVersion = 17.0.31903.59
MinimumVisualStudioVersion = 10.0.40219.1
Project("{2150E333-8FDC-42A3-9474-1A3956D46DE8}") = "src", "src", "{0A8E4715-7061-45A7-9AA3-5C8B387B77D3}"
EndProject
Project("{F2A71F9B-5D33-465A-A702-920D77279786}") = "Library", "src\Library\Library.fsproj", "{77EDA3A1-4F74-4F14-8832-6B94A3F4FD0F}"
EndProject
Global
	GlobalSection(SolutionConfigurationPlatforms) = preSolution
		Debug|Any CPU = Debug|Any CPU
		Release|Any CPU = Release|Any CPU
	EndGlobalSection
	GlobalSection(SolutionProperties) = preSolution
		HideSolutionNode = FALSE
	EndGlobalSection
	GlobalSection(ProjectConfigurationPlatforms) = postSolution
		{77EDA3A1-4F74-4F14-8832-6B94A3F4FD0F}.Debug|Any CPU.ActiveCfg = Debug|Any CPU
		{77EDA3A1-4F74-4F14-8832-6B94A3F4FD0F}.Debug|Any CPU.Build.0 = Debug|Any CPU
		{77EDA3A1-4F74-4F14-8832-6B94A3F4FD0F}.Release|Any CPU.ActiveCfg = Release|Any CPU
		{77EDA3A1-4F74-4F14-8832-6B94A3F4FD0F}.Release|Any CPU.Build.0 = Release|Any CPU
	EndGlobalSection
	GlobalSection(NestedProjects) = preSolution
		{77EDA3A1-4F74-4F14-8832-6B94A3F4FD0F} = {0A8E4715-7061-45A7-9AA3-5C8B387B77D3}
	EndGlobalSection
EndGlobal
